{
  "name": "db-test",
  "version": "1.0.0",
  "lockfileVersion": 2,
  "requires": true,
  "packages": {
    "": {
      "name": "db-test",
      "version": "1.0.0",
      "license": "ISC",
      "dependencies": {
        "@fast-csv/parse": "^4.3.6",
        "@influxdata/influxdb-client": "^1.33.0",
        "@influxdata/influxdb-client-apis": "^1.33.0",
        "aws-sdk": "^2.816.0",
        "commander": "^8.2.0",
        "dotenv": "^10.0.0",
        "fast-csv": "^4.3.6",
        "lodash": "^4.17.21",
        "mongodb": "^4.1.3",
        "node": "^16.10.0",
        "pg": "^8.7.1",
        "postgres": "^1.0.2"
      },
      "devDependencies": {
        "@types/node": "^16.10.3",
        "typescript": "^4.4.3"
      }
    },
    "../..": {
      "version": "1.0.0",
      "extraneous": true,
      "license": "ISC",
      "dependencies": {
        "surrealdb.ts": "^0.0.1-beta.3.6"
      },
      "devDependencies": {
        "concurrently": "^7.1.0"
      }
    },
    "node_modules/@fast-csv/format": {
      "version": "4.3.5",
      "license": "MIT",
      "dependencies": {
        "@types/node": "^14.0.1",
        "lodash.escaperegexp": "^4.1.2",
        "lodash.isboolean": "^3.0.3",
        "lodash.isequal": "^4.5.0",
        "lodash.isfunction": "^3.0.9",
        "lodash.isnil": "^4.0.0"
      }
    },
    "node_modules/@fast-csv/format/node_modules/@types/node": {
      "version": "14.18.13",
      "license": "MIT"
    },
    "node_modules/@fast-csv/parse": {
      "version": "4.3.6",
      "license": "MIT",
      "dependencies": {
        "@types/node": "^14.0.1",
        "lodash.escaperegexp": "^4.1.2",
        "lodash.groupby": "^4.6.0",
        "lodash.isfunction": "^3.0.9",
        "lodash.isnil": "^4.0.0",
        "lodash.isundefined": "^3.0.1",
        "lodash.uniq": "^4.5.0"
      }
    },
    "node_modules/@fast-csv/parse/node_modules/@types/node": {
      "version": "14.18.13",
      "license": "MIT"
    },
    "node_modules/@influxdata/influxdb-client": {
      "version": "1.33.0",
      "resolved": "https://registry.npmjs.org/@influxdata/influxdb-client/-/influxdb-client-1.33.0.tgz",
      "integrity": "sha512-ctICXZqq4Nff44Q5Pk3I63/jpZGTZ9VPr8dPJ78eujEHrTjz1M6mlNnXuF+TdqFfzlpmjxo4TcYEyDOPK+SQbQ=="
    },
    "node_modules/@influxdata/influxdb-client-apis": {
      "version": "1.33.0",
      "resolved": "https://registry.npmjs.org/@influxdata/influxdb-client-apis/-/influxdb-client-apis-1.33.0.tgz",
      "integrity": "sha512-7qUHH/AjXRiBb3VxiNZNUM1i5xzmwp+4VG6sMplZ0ebyuPLmGtJkp73x9kCqrXrZx92shPlAlkk2Kh9AN1RqNw==",
      "peerDependencies": {
        "@influxdata/influxdb-client": "*"
      }
    },
    "node_modules/@types/node": {
      "version": "16.11.27",
      "license": "MIT"
    },
    "node_modules/@types/webidl-conversions": {
      "version": "6.1.1",
      "license": "MIT"
    },
    "node_modules/@types/whatwg-url": {
      "version": "8.2.1",
      "license": "MIT",
      "dependencies": {
        "@types/node": "*",
        "@types/webidl-conversions": "*"
      }
    },
    "node_modules/aws-sdk": {
      "version": "2.1120.0",
      "license": "Apache-2.0",
      "dependencies": {
        "buffer": "4.9.2",
        "events": "1.1.1",
        "ieee754": "1.1.13",
        "jmespath": "0.16.0",
        "querystring": "0.2.0",
        "sax": "1.2.1",
        "url": "0.10.3",
        "uuid": "3.3.2",
        "xml2js": "0.4.19"
      },
      "engines": {
        "node": ">= 10.0.0"
      }
    },
    "node_modules/base64-js": {
      "version": "1.5.1",
      "funding": [
        {
          "type": "github",
          "url": "https://github.com/sponsors/feross"
        },
        {
          "type": "patreon",
          "url": "https://www.patreon.com/feross"
        },
        {
          "type": "consulting",
          "url": "https://feross.org/support"
        }
      ],
      "license": "MIT"
    },
    "node_modules/bson": {
      "version": "4.6.3",
      "license": "Apache-2.0",
      "dependencies": {
        "buffer": "^5.6.0"
      },
      "engines": {
        "node": ">=6.9.0"
      }
    },
    "node_modules/bson/node_modules/buffer": {
      "version": "5.7.1",
      "funding": [
        {
          "type": "github",
          "url": "https://github.com/sponsors/feross"
        },
        {
          "type": "patreon",
          "url": "https://www.patreon.com/feross"
        },
        {
          "type": "consulting",
          "url": "https://feross.org/support"
        }
      ],
      "license": "MIT",
      "dependencies": {
        "base64-js": "^1.3.1",
        "ieee754": "^1.1.13"
      }
    },
    "node_modules/buffer": {
      "version": "4.9.2",
      "license": "MIT",
      "dependencies": {
        "base64-js": "^1.0.2",
        "ieee754": "^1.1.4",
        "isarray": "^1.0.0"
      }
    },
    "node_modules/buffer-writer": {
      "version": "2.0.0",
      "license": "MIT",
      "engines": {
        "node": ">=4"
      }
    },
    "node_modules/commander": {
      "version": "8.3.0",
      "license": "MIT",
      "engines": {
        "node": ">= 12"
      }
    },
    "node_modules/denque": {
      "version": "2.0.1",
      "license": "Apache-2.0",
      "engines": {
        "node": ">=0.10"
      }
    },
    "node_modules/dotenv": {
      "version": "10.0.0",
      "license": "BSD-2-Clause",
      "engines": {
        "node": ">=10"
      }
    },
    "node_modules/events": {
      "version": "1.1.1",
      "license": "MIT",
      "engines": {
        "node": ">=0.4.x"
      }
    },
    "node_modules/fast-csv": {
      "version": "4.3.6",
      "license": "MIT",
      "dependencies": {
        "@fast-csv/format": "4.3.5",
        "@fast-csv/parse": "4.3.6"
      },
      "engines": {
        "node": ">=10.0.0"
      }
    },
    "node_modules/ieee754": {
      "version": "1.1.13",
      "license": "BSD-3-Clause"
    },
    "node_modules/ip": {
      "version": "1.1.5",
      "license": "MIT"
    },
    "node_modules/isarray": {
      "version": "1.0.0",
      "license": "MIT"
    },
    "node_modules/jmespath": {
      "version": "0.16.0",
      "license": "Apache-2.0",
      "engines": {
        "node": ">= 0.6.0"
      }
    },
    "node_modules/lodash": {
      "version": "4.17.21",
      "license": "MIT"
    },
    "node_modules/lodash.escaperegexp": {
      "version": "4.1.2",
      "license": "MIT"
    },
    "node_modules/lodash.groupby": {
      "version": "4.6.0",
      "license": "MIT"
    },
    "node_modules/lodash.isboolean": {
      "version": "3.0.3",
      "license": "MIT"
    },
    "node_modules/lodash.isequal": {
      "version": "4.5.0",
      "license": "MIT"
    },
    "node_modules/lodash.isfunction": {
      "version": "3.0.9",
      "license": "MIT"
    },
    "node_modules/lodash.isnil": {
      "version": "4.0.0",
      "license": "MIT"
    },
    "node_modules/lodash.isundefined": {
      "version": "3.0.1",
      "license": "MIT"
    },
    "node_modules/lodash.uniq": {
      "version": "4.5.0",
      "license": "MIT"
    },
    "node_modules/memory-pager": {
      "version": "1.5.0",
      "license": "MIT",
      "optional": true
    },
    "node_modules/mongodb": {
      "version": "4.5.0",
      "license": "Apache-2.0",
      "dependencies": {
        "bson": "^4.6.2",
        "denque": "^2.0.1",
        "mongodb-connection-string-url": "^2.5.2",
        "socks": "^2.6.2"
      },
      "engines": {
        "node": ">=12.9.0"
      },
      "optionalDependencies": {
        "saslprep": "^1.0.3"
      }
    },
    "node_modules/mongodb-connection-string-url": {
      "version": "2.5.2",
      "license": "Apache-2.0",
      "dependencies": {
        "@types/whatwg-url": "^8.2.1",
        "whatwg-url": "^11.0.0"
      }
    },
    "node_modules/node": {
      "version": "16.14.2",
      "hasInstallScript": true,
      "license": "ISC",
      "dependencies": {
        "node-bin-setup": "^1.0.0"
      },
      "bin": {
        "node": "bin/node.exe"
      },
      "engines": {
        "npm": ">=5.0.0"
      }
    },
    "node_modules/node/node_modules/node-bin-setup": {
      "version": "1.1.0",
      "license": "ISC"
    },
    "node_modules/packet-reader": {
      "version": "1.0.0",
      "license": "MIT"
    },
    "node_modules/pg": {
      "version": "8.7.3",
      "license": "MIT",
      "dependencies": {
        "buffer-writer": "2.0.0",
        "packet-reader": "1.0.0",
        "pg-connection-string": "^2.5.0",
        "pg-pool": "^3.5.1",
        "pg-protocol": "^1.5.0",
        "pg-types": "^2.1.0",
        "pgpass": "1.x"
      },
      "engines": {
        "node": ">= 8.0.0"
      },
      "peerDependencies": {
        "pg-native": ">=2.0.0"
      },
      "peerDependenciesMeta": {
        "pg-native": {
          "optional": true
        }
      }
    },
    "node_modules/pg-connection-string": {
      "version": "2.5.0",
      "license": "MIT"
    },
    "node_modules/pg-int8": {
      "version": "1.0.1",
      "license": "ISC",
      "engines": {
        "node": ">=4.0.0"
      }
    },
    "node_modules/pg-pool": {
      "version": "3.5.1",
      "license": "MIT",
      "peerDependencies": {
        "pg": ">=8.0"
      }
    },
    "node_modules/pg-protocol": {
      "version": "1.5.0",
      "license": "MIT"
    },
    "node_modules/pg-types": {
      "version": "2.2.0",
      "license": "MIT",
      "dependencies": {
        "pg-int8": "1.0.1",
        "postgres-array": "~2.0.0",
        "postgres-bytea": "~1.0.0",
        "postgres-date": "~1.0.4",
        "postgres-interval": "^1.1.0"
      },
      "engines": {
        "node": ">=4"
      }
    },
    "node_modules/pgpass": {
      "version": "1.0.5",
      "license": "MIT",
      "dependencies": {
        "split2": "^4.1.0"
      }
    },
    "node_modules/postgres": {
      "version": "1.0.2",
      "license": "WTFPL"
    },
    "node_modules/postgres-array": {
      "version": "2.0.0",
      "license": "MIT",
      "engines": {
        "node": ">=4"
      }
    },
    "node_modules/postgres-bytea": {
      "version": "1.0.0",
      "license": "MIT",
      "engines": {
        "node": ">=0.10.0"
      }
    },
    "node_modules/postgres-date": {
      "version": "1.0.7",
      "license": "MIT",
      "engines": {
        "node": ">=0.10.0"
      }
    },
    "node_modules/postgres-interval": {
      "version": "1.2.0",
      "license": "MIT",
      "dependencies": {
        "xtend": "^4.0.0"
      },
      "engines": {
        "node": ">=0.10.0"
      }
    },
    "node_modules/punycode": {
      "version": "1.3.2",
      "license": "MIT"
    },
    "node_modules/querystring": {
      "version": "0.2.0",
      "engines": {
        "node": ">=0.4.x"
      }
    },
    "node_modules/saslprep": {
      "version": "1.0.3",
      "license": "MIT",
      "optional": true,
      "dependencies": {
        "sparse-bitfield": "^3.0.3"
      },
      "engines": {
        "node": ">=6"
      }
    },
    "node_modules/sax": {
      "version": "1.2.1",
      "license": "ISC"
    },
    "node_modules/smart-buffer": {
      "version": "4.2.0",
      "license": "MIT",
      "engines": {
        "node": ">= 6.0.0",
        "npm": ">= 3.0.0"
      }
    },
    "node_modules/socks": {
      "version": "2.6.2",
      "license": "MIT",
      "dependencies": {
        "ip": "^1.1.5",
        "smart-buffer": "^4.2.0"
      },
      "engines": {
        "node": ">= 10.13.0",
        "npm": ">= 3.0.0"
      }
    },
    "node_modules/sparse-bitfield": {
      "version": "3.0.3",
      "license": "MIT",
      "optional": true,
      "dependencies": {
        "memory-pager": "^1.0.2"
      }
    },
    "node_modules/split2": {
      "version": "4.1.0",
      "license": "ISC",
      "engines": {
        "node": ">= 10.x"
      }
    },
    "node_modules/tr46": {
      "version": "3.0.0",
      "license": "MIT",
      "dependencies": {
        "punycode": "^2.1.1"
      },
      "engines": {
        "node": ">=12"
      }
    },
    "node_modules/tr46/node_modules/punycode": {
      "version": "2.1.1",
      "license": "MIT",
      "engines": {
        "node": ">=6"
      }
    },
    "node_modules/typescript": {
      "version": "4.6.3",
      "dev": true,
      "license": "Apache-2.0",
      "bin": {
        "tsc": "bin/tsc",
        "tsserver": "bin/tsserver"
      },
      "engines": {
        "node": ">=4.2.0"
      }
    },
    "node_modules/url": {
      "version": "0.10.3",
      "license": "MIT",
      "dependencies": {
        "punycode": "1.3.2",
        "querystring": "0.2.0"
      }
    },
    "node_modules/uuid": {
      "version": "3.3.2",
      "license": "MIT",
      "bin": {
        "uuid": "bin/uuid"
      }
    },
    "node_modules/webidl-conversions": {
      "version": "7.0.0",
      "license": "BSD-2-Clause",
      "engines": {
        "node": ">=12"
      }
    },
    "node_modules/whatwg-url": {
      "version": "11.0.0",
      "license": "MIT",
      "dependencies": {
        "tr46": "^3.0.0",
        "webidl-conversions": "^7.0.0"
      },
      "engines": {
        "node": ">=12"
      }
    },
    "node_modules/xml2js": {
      "version": "0.4.19",
      "license": "MIT",
      "dependencies": {
        "sax": ">=0.6.0",
        "xmlbuilder": "~9.0.1"
      }
    },
    "node_modules/xmlbuilder": {
      "version": "9.0.7",
      "license": "MIT",
      "engines": {
        "node": ">=4.0"
      }
    },
    "node_modules/xtend": {
      "version": "4.0.2",
      "license": "MIT",
      "engines": {
        "node": ">=0.4"
      }
    }
  },
  "dependencies": {
    "@fast-csv/format": {
      "version": "4.3.5",
      "requires": {
        "@types/node": "^14.0.1",
        "lodash.escaperegexp": "^4.1.2",
        "lodash.isboolean": "^3.0.3",
        "lodash.isequal": "^4.5.0",
        "lodash.isfunction": "^3.0.9",
        "lodash.isnil": "^4.0.0"
      },
      "dependencies": {
        "@types/node": {
          "version": "14.18.13"
        }
      }
    },
    "@fast-csv/parse": {
      "version": "4.3.6",
      "requires": {
        "@types/node": "^14.0.1",
        "lodash.escaperegexp": "^4.1.2",
        "lodash.groupby": "^4.6.0",
        "lodash.isfunction": "^3.0.9",
        "lodash.isnil": "^4.0.0",
        "lodash.isundefined": "^3.0.1",
        "lodash.uniq": "^4.5.0"
      },
      "dependencies": {
        "@types/node": {
          "version": "14.18.13"
        }
      }
    },
    "@influxdata/influxdb-client": {
      "version": "1.33.0",
      "resolved": "https://registry.npmjs.org/@influxdata/influxdb-client/-/influxdb-client-1.33.0.tgz",
      "integrity": "sha512-ctICXZqq4Nff44Q5Pk3I63/jpZGTZ9VPr8dPJ78eujEHrTjz1M6mlNnXuF+TdqFfzlpmjxo4TcYEyDOPK+SQbQ=="
    },
    "@influxdata/influxdb-client-apis": {
      "version": "1.33.0",
      "resolved": "https://registry.npmjs.org/@influxdata/influxdb-client-apis/-/influxdb-client-apis-1.33.0.tgz",
      "integrity": "sha512-7qUHH/AjXRiBb3VxiNZNUM1i5xzmwp+4VG6sMplZ0ebyuPLmGtJkp73x9kCqrXrZx92shPlAlkk2Kh9AN1RqNw==",
      "requires": {}
    },
    "@types/node": {
      "version": "16.11.27"
    },
    "@types/webidl-conversions": {
      "version": "6.1.1"
    },
    "@types/whatwg-url": {
      "version": "8.2.1",
      "requires": {
        "@types/node": "*",
        "@types/webidl-conversions": "*"
      }
    },
    "aws-sdk": {
      "version": "2.1120.0",
      "requires": {
        "buffer": "4.9.2",
        "events": "1.1.1",
        "ieee754": "1.1.13",
        "jmespath": "0.16.0",
        "querystring": "0.2.0",
        "sax": "1.2.1",
        "url": "0.10.3",
        "uuid": "3.3.2",
        "xml2js": "0.4.19"
      }
    },
    "base64-js": {
      "version": "1.5.1"
    },
    "bson": {
      "version": "4.6.3",
      "requires": {
        "buffer": "^5.6.0"
      },
      "dependencies": {
        "buffer": {
          "version": "5.7.1",
          "requires": {
            "base64-js": "^1.3.1",
            "ieee754": "^1.1.13"
          }
        }
      }
    },
    "buffer": {
      "version": "4.9.2",
      "requires": {
        "base64-js": "^1.0.2",
        "ieee754": "^1.1.4",
        "isarray": "^1.0.0"
      }
    },
    "buffer-writer": {
      "version": "2.0.0"
    },
    "commander": {
      "version": "8.3.0"
    },
    "denque": {
      "version": "2.0.1"
    },
    "dotenv": {
      "version": "10.0.0"
    },
    "events": {
      "version": "1.1.1"
    },
    "fast-csv": {
      "version": "4.3.6",
      "requires": {
        "@fast-csv/format": "4.3.5",
        "@fast-csv/parse": "4.3.6"
      }
    },
    "ieee754": {
      "version": "1.1.13"
    },
    "ip": {
      "version": "1.1.5"
    },
    "isarray": {
      "version": "1.0.0"
    },
    "jmespath": {
      "version": "0.16.0"
    },
    "lodash": {
      "version": "4.17.21"
    },
    "lodash.escaperegexp": {
      "version": "4.1.2"
    },
    "lodash.groupby": {
      "version": "4.6.0"
    },
    "lodash.isboolean": {
      "version": "3.0.3"
    },
    "lodash.isequal": {
      "version": "4.5.0"
    },
    "lodash.isfunction": {
      "version": "3.0.9"
    },
    "lodash.isnil": {
      "version": "4.0.0"
    },
    "lodash.isundefined": {
      "version": "3.0.1"
    },
    "lodash.uniq": {
      "version": "4.5.0"
    },
    "memory-pager": {
      "version": "1.5.0",
      "optional": true
    },
    "mongodb": {
      "version": "4.5.0",
      "requires": {
        "bson": "^4.6.2",
        "denque": "^2.0.1",
        "mongodb-connection-string-url": "^2.5.2",
        "saslprep": "^1.0.3",
        "socks": "^2.6.2"
      }
    },
    "mongodb-connection-string-url": {
      "version": "2.5.2",
      "requires": {
        "@types/whatwg-url": "^8.2.1",
        "whatwg-url": "^11.0.0"
      }
    },
    "node": {
      "version": "16.14.2",
      "requires": {
        "node-bin-setup": "^1.0.0"
      },
      "dependencies": {
        "node-bin-setup": {
          "version": "1.1.0"
        }
      }
    },
    "packet-reader": {
      "version": "1.0.0"
    },
    "pg": {
      "version": "8.7.3",
      "requires": {
        "buffer-writer": "2.0.0",
        "packet-reader": "1.0.0",
        "pg-connection-string": "^2.5.0",
        "pg-pool": "^3.5.1",
        "pg-protocol": "^1.5.0",
        "pg-types": "^2.1.0",
        "pgpass": "1.x"
      }
    },
    "pg-connection-string": {
      "version": "2.5.0"
    },
    "pg-int8": {
      "version": "1.0.1"
    },
    "pg-pool": {
      "version": "3.5.1",
      "requires": {}
    },
    "pg-protocol": {
      "version": "1.5.0"
    },
    "pg-types": {
      "version": "2.2.0",
      "requires": {
        "pg-int8": "1.0.1",
        "postgres-array": "~2.0.0",
        "postgres-bytea": "~1.0.0",
        "postgres-date": "~1.0.4",
        "postgres-interval": "^1.1.0"
      }
    },
    "pgpass": {
      "version": "1.0.5",
      "requires": {
        "split2": "^4.1.0"
      }
    },
    "postgres": {
      "version": "1.0.2"
    },
    "postgres-array": {
      "version": "2.0.0"
    },
    "postgres-bytea": {
      "version": "1.0.0"
    },
    "postgres-date": {
      "version": "1.0.7"
    },
    "postgres-interval": {
      "version": "1.2.0",
      "requires": {
        "xtend": "^4.0.0"
      }
    },
    "punycode": {
      "version": "1.3.2"
    },
    "querystring": {
      "version": "0.2.0"
    },
    "saslprep": {
      "version": "1.0.3",
      "optional": true,
      "requires": {
        "sparse-bitfield": "^3.0.3"
      }
    },
    "sax": {
      "version": "1.2.1"
    },
    "smart-buffer": {
      "version": "4.2.0"
    },
    "socks": {
      "version": "2.6.2",
      "requires": {
        "ip": "^1.1.5",
        "smart-buffer": "^4.2.0"
      }
    },
    "sparse-bitfield": {
      "version": "3.0.3",
      "optional": true,
      "requires": {
        "memory-pager": "^1.0.2"
      }
    },
    "split2": {
      "version": "4.1.0"
    },
    "tr46": {
      "version": "3.0.0",
      "requires": {
        "punycode": "^2.1.1"
      },
      "dependencies": {
        "punycode": {
          "version": "2.1.1"
        }
      }
    },
    "typescript": {
      "version": "4.6.3",
      "dev": true
    },
    "url": {
      "version": "0.10.3",
      "requires": {
        "punycode": "1.3.2",
        "querystring": "0.2.0"
      }
    },
    "uuid": {
      "version": "3.3.2"
    },
    "webidl-conversions": {
      "version": "7.0.0"
    },
    "whatwg-url": {
      "version": "11.0.0",
      "requires": {
        "tr46": "^3.0.0",
        "webidl-conversions": "^7.0.0"
      }
    },
    "xml2js": {
      "version": "0.4.19",
      "requires": {
        "sax": ">=0.6.0",
        "xmlbuilder": "~9.0.1"
      }
    },
    "xmlbuilder": {
      "version": "9.0.7"
    },
    "xtend": {
      "version": "4.0.2"
    }
  }
}
